
Microsoft Visual Studio Solution File, Format Version 12.00
# Visual Studio Version 16
VisualStudioVersion = 16.0.32228.343
MinimumVisualStudioVersion = 10.0.40219.1
Project("{FAE04EC0-301F-11D3-BF4B-00C04F79EFBC}") = "dotNET_with_postgreSQL_connection", "dotNET_with_postgreSQL_connection.csproj", "{257208CE-24CC-4654-9EF4-65D77AD3131F}"
EndProject
Global
	GlobalSection(SolutionConfigurationPlatforms) = preSolution
		Debug|Any CPU = Debug|Any CPU
		Release|Any CPU = Release|Any CPU
	EndGlobalSection
	GlobalSection(ProjectConfigurationPlatforms) = postSolution
		{257208CE-24CC-4654-9EF4-65D77AD3131F}.Debug|Any CPU.ActiveCfg = Debug|Any CPU
		{257208CE-24CC-4654-9EF4-65D77AD3131F}.Debug|Any CPU.Build.0 = Debug|Any CPU
		{257208CE-24CC-4654-9EF4-65D77AD3131F}.Release|Any CPU.ActiveCfg = Release|Any CPU
		{257208CE-24CC-4654-9EF4-65D77AD3131F}.Release|Any CPU.Build.0 = Release|Any CPU
	EndGlobalSection
	GlobalSection(SolutionProperties) = preSolution
		HideSolutionNode = FALSE
	EndGlobalSection
	GlobalSection(ExtensibilityGlobals) = postSolution
		SolutionGuid = {6FE65548-02DD-4716-A8DB-C3AD757AABF1}
	EndGlobalSection
EndGlobal
